// !$*UTF8*$!
{
	archiveVersion = 1;
	classes = {
	};
	objectVersion = 56;
	objects = {

/* Begin PBXBuildFile section */
		852A1A222A1B023100DF876C /* PokemonApp.swift in Sources */ = {isa = PBXBuildFile; fileRef = 852A1A212A1B023100DF876C /* PokemonApp.swift */; };
		852A1A242A1B023100DF876C /* ContentView.swift in Sources */ = {isa = PBXBuildFile; fileRef = 852A1A232A1B023100DF876C /* ContentView.swift */; };
		852A1A332A1B023300DF876C /* PokemonTests.swift in Sources */ = {isa = PBXBuildFile; fileRef = 852A1A322A1B023300DF876C /* PokemonTests.swift */; };
		852A1A3D2A1B023300DF876C /* PokemonUITests.swift in Sources */ = {isa = PBXBuildFile; fileRef = 852A1A3C2A1B023300DF876C /* PokemonUITests.swift */; };
		852A1A3F2A1B023300DF876C /* PokemonUITestsLaunchTests.swift in Sources */ = {isa = PBXBuildFile; fileRef = 852A1A3E2A1B023300DF876C /* PokemonUITestsLaunchTests.swift */; };
		852A1A4C2A1B0B1D00DF876C /* CircleImage.swift in Sources */ = {isa = PBXBuildFile; fileRef = 852A1A4B2A1B0B1D00DF876C /* CircleImage.swift */; };
		85485D922A1C26C3008CBFAB /* MapView.swift in Sources */ = {isa = PBXBuildFile; fileRef = 85485D912A1C26C3008CBFAB /* MapView.swift */; };
		85C96A2D2A49D9810012D634 /* Pokemon.swift in Sources */ = {isa = PBXBuildFile; fileRef = 85C96A2C2A49D9810012D634 /* Pokemon.swift */; };
		85C96A2F2A4CE1950012D634 /* ModelData.swift in Sources */ = {isa = PBXBuildFile; fileRef = 85C96A2E2A4CE1950012D634 /* ModelData.swift */; };
		85E3EEA12A66153A00841993 /* PokemonRow.swift in Sources */ = {isa = PBXBuildFile; fileRef = 85E3EEA02A66153A00841993 /* PokemonRow.swift */; };
		85E3EEA32A661F5000841993 /* PokemonList.swift in Sources */ = {isa = PBXBuildFile; fileRef = 85E3EEA22A661F5000841993 /* PokemonList.swift */; };
		85E3EEA52A6629D400841993 /* PokemonDetail.swift in Sources */ = {isa = PBXBuildFile; fileRef = 85E3EEA42A6629D400841993 /* PokemonDetail.swift */; };
/* End PBXBuildFile section */

/* Begin PBXContainerItemProxy section */
		852A1A2F2A1B023300DF876C /* PBXContainerItemProxy */ = {
			isa = PBXContainerItemProxy;
			containerPortal = 852A1A162A1B023000DF876C /* Project object */;
			proxyType = 1;
			remoteGlobalIDString = 852A1A1D2A1B023000DF876C;
			remoteInfo = Landmarks;
		};
		852A1A392A1B023300DF876C /* PBXContainerItemProxy */ = {
			isa = PBXContainerItemProxy;
			containerPortal = 852A1A162A1B023000DF876C /* Project object */;
			proxyType = 1;
			remoteGlobalIDString = 852A1A1D2A1B023000DF876C;
			remoteInfo = Landmarks;
		};
/* End PBXContainerItemProxy section */

/* Begin PBXFileReference section */
		852A1A1E2A1B023100DF876C /* Pokemon.app */ = {isa = PBXFileReference; explicitFileType = wrapper.application; includeInIndex = 0; path = Pokemon.app; sourceTree = BUILT_PRODUCTS_DIR; };
		852A1A212A1B023100DF876C /* PokemonApp.swift */ = {isa = PBXFileReference; lastKnownFileType = sourcecode.swift; path = PokemonApp.swift; sourceTree = "<group>"; };
		852A1A232A1B023100DF876C /* ContentView.swift */ = {isa = PBXFileReference; lastKnownFileType = sourcecode.swift; path = ContentView.swift; sourceTree = "<group>"; };
		852A1A2E2A1B023300DF876C /* PokemonTests.xctest */ = {isa = PBXFileReference; explicitFileType = wrapper.cfbundle; includeInIndex = 0; path = PokemonTests.xctest; sourceTree = BUILT_PRODUCTS_DIR; };
		852A1A322A1B023300DF876C /* PokemonTests.swift */ = {isa = PBXFileReference; lastKnownFileType = sourcecode.swift; path = PokemonTests.swift; sourceTree = "<group>"; };
		852A1A382A1B023300DF876C /* PokemonUITests.xctest */ = {isa = PBXFileReference; explicitFileType = wrapper.cfbundle; includeInIndex = 0; path = PokemonUITests.xctest; sourceTree = BUILT_PRODUCTS_DIR; };
		852A1A3C2A1B023300DF876C /* PokemonUITests.swift */ = {isa = PBXFileReference; lastKnownFileType = sourcecode.swift; path = PokemonUITests.swift; sourceTree = "<group>"; };
		852A1A3E2A1B023300DF876C /* PokemonUITestsLaunchTests.swift */ = {isa = PBXFileReference; lastKnownFileType = sourcecode.swift; path = PokemonUITestsLaunchTests.swift; sourceTree = "<group>"; };
		852A1A4B2A1B0B1D00DF876C /* CircleImage.swift */ = {isa = PBXFileReference; lastKnownFileType = sourcecode.swift; path = CircleImage.swift; sourceTree = "<group>"; };
		85485D912A1C26C3008CBFAB /* MapView.swift */ = {isa = PBXFileReference; lastKnownFileType = sourcecode.swift; path = MapView.swift; sourceTree = "<group>"; };
		85C96A2C2A49D9810012D634 /* Pokemon.swift */ = {isa = PBXFileReference; lastKnownFileType = sourcecode.swift; path = Pokemon.swift; sourceTree = "<group>"; };
		85C96A2E2A4CE1950012D634 /* ModelData.swift */ = {isa = PBXFileReference; lastKnownFileType = sourcecode.swift; path = ModelData.swift; sourceTree = "<group>"; };
		85E3EEA02A66153A00841993 /* PokemonRow.swift */ = {isa = PBXFileReference; lastKnownFileType = sourcecode.swift; path = PokemonRow.swift; sourceTree = "<group>"; };
		85E3EEA22A661F5000841993 /* PokemonList.swift */ = {isa = PBXFileReference; lastKnownFileType = sourcecode.swift; path = PokemonList.swift; sourceTree = "<group>"; };
		85E3EEA42A6629D400841993 /* PokemonDetail.swift */ = {isa = PBXFileReference; lastKnownFileType = sourcecode.swift; path = PokemonDetail.swift; sourceTree = "<group>"; };
/* End PBXFileReference section */

/* Begin PBXFrameworksBuildPhase section */
		852A1A1B2A1B023000DF876C /* Frameworks */ = {
			isa = PBXFrameworksBuildPhase;
			buildActionMask = 2147483647;
			files = (
			);
			runOnlyForDeploymentPostprocessing = 0;
		};
		852A1A2B2A1B023300DF876C /* Frameworks */ = {
			isa = PBXFrameworksBuildPhase;
			buildActionMask = 2147483647;
			files = (
			);
			runOnlyForDeploymentPostprocessing = 0;
		};
		852A1A352A1B023300DF876C /* Frameworks */ = {
			isa = PBXFrameworksBuildPhase;
			buildActionMask = 2147483647;
			files = (
			);
			runOnlyForDeploymentPostprocessing = 0;
		};
/* End PBXFrameworksBuildPhase section */

/* Begin PBXGroup section */
		852A1A152A1B023000DF876C = {
			isa = PBXGroup;
			children = (
				852A1A202A1B023100DF876C /* Pokemon */,
				852A1A312A1B023300DF876C /* PokemonTests */,
				852A1A3B2A1B023300DF876C /* PokemonUITests */,
				852A1A1F2A1B023100DF876C /* Products */,
			);
			sourceTree = "<group>";
		};
		852A1A1F2A1B023100DF876C /* Products */ = {
			isa = PBXGroup;
			children = (
				852A1A1E2A1B023100DF876C /* Pokemon.app */,
				852A1A2E2A1B023300DF876C /* PokemonTests.xctest */,
				852A1A382A1B023300DF876C /* PokemonUITests.xctest */,
			);
			name = Products;
			sourceTree = "<group>";
		};
		852A1A202A1B023100DF876C /* Pokemon */ = {
			isa = PBXGroup;
			children = (
				85442D032B185E0C00AA2531 /* Preview Content */,
				85C96A322A4F25410012D634 /* Model */,
				85C96A312A4F25030012D634 /* Resources */,
				852A1A212A1B023100DF876C /* PokemonApp.swift */,
				85C96A302A4F24BE0012D634 /* Views */,
			);
			path = Pokemon;
			sourceTree = "<group>";
		};
		852A1A312A1B023300DF876C /* PokemonTests */ = {
			isa = PBXGroup;
			children = (
				852A1A322A1B023300DF876C /* PokemonTests.swift */,
			);
			path = PokemonTests;
			sourceTree = "<group>";
		};
		852A1A3B2A1B023300DF876C /* PokemonUITests */ = {
			isa = PBXGroup;
			children = (
				852A1A3C2A1B023300DF876C /* PokemonUITests.swift */,
				852A1A3E2A1B023300DF876C /* PokemonUITestsLaunchTests.swift */,
			);
			path = PokemonUITests;
			sourceTree = "<group>";
		};
		85442D032B185E0C00AA2531 /* Preview Content */ = {
			isa = PBXGroup;
			children = (
			);
			path = "Preview Content";
			sourceTree = "<group>";
		};
		85C96A302A4F24BE0012D634 /* Views */ = {
			isa = PBXGroup;
			children = (
				85C96A2E2A4CE1950012D634 /* ModelData.swift */,
				852A1A4B2A1B0B1D00DF876C /* CircleImage.swift */,
				852A1A232A1B023100DF876C /* ContentView.swift */,
				85485D912A1C26C3008CBFAB /* MapView.swift */,
				85E3EEA02A66153A00841993 /* PokemonRow.swift */,
				85E3EEA22A661F5000841993 /* PokemonList.swift */,
				85E3EEA42A6629D400841993 /* PokemonDetail.swift */,
			);
			path = Views;
			sourceTree = "<group>";
		};
		85C96A312A4F25030012D634 /* Resources */ = {
			isa = PBXGroup;
			children = (
			);
			path = Resources;
			sourceTree = "<group>";
		};
		85C96A322A4F25410012D634 /* Model */ = {
			isa = PBXGroup;
			children = (
				85C96A2C2A49D9810012D634 /* Pokemon.swift */,
			);
			path = Model;
			sourceTree = "<group>";
		};
/* End PBXGroup section */

/* Begin PBXNativeTarget section */
		852A1A1D2A1B023000DF876C /* Pokemon */ = {
			isa = PBXNativeTarget;
			buildConfigurationList = 852A1A422A1B023300DF876C /* Build configuration list for PBXNativeTarget "Pokemon" */;
			buildPhases = (
				852A1A1A2A1B023000DF876C /* Sources */,
				852A1A1B2A1B023000DF876C /* Frameworks */,
				852A1A1C2A1B023000DF876C /* Resources */,
			);
			buildRules = (
			);
			dependencies = (
			);
			name = Pokemon;
			productName = Landmarks;
			productReference = 852A1A1E2A1B023100DF876C /* Pokemon.app */;
			productType = "com.apple.product-type.application";
		};
		852A1A2D2A1B023300DF876C /* PokemonTests */ = {
			isa = PBXNativeTarget;
			buildConfigurationList = 852A1A452A1B023300DF876C /* Build configuration list for PBXNativeTarget "PokemonTests" */;
			buildPhases = (
				852A1A2A2A1B023300DF876C /* Sources */,
				852A1A2B2A1B023300DF876C /* Frameworks */,
				852A1A2C2A1B023300DF876C /* Resources */,
			);
			buildRules = (
			);
			dependencies = (
				852A1A302A1B023300DF876C /* PBXTargetDependency */,
			);
			name = PokemonTests;
			productName = LandmarksTests;
			productReference = 852A1A2E2A1B023300DF876C /* PokemonTests.xctest */;
			productType = "com.apple.product-type.bundle.unit-test";
		};
		852A1A372A1B023300DF876C /* PokemonUITests */ = {
			isa = PBXNativeTarget;
			buildConfigurationList = 852A1A482A1B023300DF876C /* Build configuration list for PBXNativeTarget "PokemonUITests" */;
			buildPhases = (
				852A1A342A1B023300DF876C /* Sources */,
				852A1A352A1B023300DF876C /* Frameworks */,
				852A1A362A1B023300DF876C /* Resources */,
			);
			buildRules = (
			);
			dependencies = (
				852A1A3A2A1B023300DF876C /* PBXTargetDependency */,
			);
			name = PokemonUITests;
			productName = LandmarksUITests;
			productReference = 852A1A382A1B023300DF876C /* PokemonUITests.xctest */;
			productType = "com.apple.product-type.bundle.ui-testing";
		};
/* End PBXNativeTarget section */

/* Begin PBXProject section */
		852A1A162A1B023000DF876C /* Project object */ = {
			isa = PBXProject;
			attributes = {
				BuildIndependentTargetsInParallel = 1;
				LastSwiftUpdateCheck = 1420;
				LastUpgradeCheck = 1420;
				TargetAttributes = {
					852A1A1D2A1B023000DF876C = {
						CreatedOnToolsVersion = 14.2;
					};
					852A1A2D2A1B023300DF876C = {
						CreatedOnToolsVersion = 14.2;
						TestTargetID = 852A1A1D2A1B023000DF876C;
					};
					852A1A372A1B023300DF876C = {
						CreatedOnToolsVersion = 14.2;
						TestTargetID = 852A1A1D2A1B023000DF876C;
					};
				};
			};
			buildConfigurationList = 852A1A192A1B023000DF876C /* Build configuration list for PBXProject "Pokemon" */;
			compatibilityVersion = "Xcode 14.0";
			developmentRegion = en;
			hasScannedForEncodings = 0;
			knownRegions = (
				en,
				Base,
			);
			mainGroup = 852A1A152A1B023000DF876C;
			productRefGroup = 852A1A1F2A1B023100DF876C /* Products */;
			projectDirPath = "";
			projectRoot = "";
			targets = (
				852A1A1D2A1B023000DF876C /* Pokemon */,
				852A1A2D2A1B023300DF876C /* PokemonTests */,
				852A1A372A1B023300DF876C /* PokemonUITests */,
			);
		};
/* End PBXProject section */

/* Begin PBXResourcesBuildPhase section */
		852A1A1C2A1B023000DF876C /* Resources */ = {
			isa = PBXResourcesBuildPhase;
			buildActionMask = 2147483647;
			files = (
			);
			runOnlyForDeploymentPostprocessing = 0;
		};
		852A1A2C2A1B023300DF876C /* Resources */ = {
			isa = PBXResourcesBuildPhase;
			buildActionMask = 2147483647;
			files = (
			);
			runOnlyForDeploymentPostprocessing = 0;
		};
		852A1A362A1B023300DF876C /* Resources */ = {
			isa = PBXResourcesBuildPhase;
			buildActionMask = 2147483647;
			files = (
			);
			runOnlyForDeploymentPostprocessing = 0;
		};
/* End PBXResourcesBuildPhase section */

/* Begin PBXSourcesBuildPhase section */
		852A1A1A2A1B023000DF876C /* Sources */ = {
			isa = PBXSourcesBuildPhase;
			buildActionMask = 2147483647;
			files = (
				852A1A242A1B023100DF876C /* ContentView.swift in Sources */,
				85485D922A1C26C3008CBFAB /* MapView.swift in Sources */,
				852A1A222A1B023100DF876C /* PokemonApp.swift in Sources */,
				85E3EEA32A661F5000841993 /* PokemonList.swift in Sources */,
				85E3EEA52A6629D400841993 /* PokemonDetail.swift in Sources */,
				852A1A4C2A1B0B1D00DF876C /* CircleImage.swift in Sources */,
				85C96A2D2A49D9810012D634 /* Pokemon.swift in Sources */,
				85E3EEA12A66153A00841993 /* PokemonRow.swift in Sources */,
				85C96A2F2A4CE1950012D634 /* ModelData.swift in Sources */,
			);
			runOnlyForDeploymentPostprocessing = 0;
		};
		852A1A2A2A1B023300DF876C /* Sources */ = {
			isa = PBXSourcesBuildPhase;
			buildActionMask = 2147483647;
			files = (
				852A1A332A1B023300DF876C /* PokemonTests.swift in Sources */,
			);
			runOnlyForDeploymentPostprocessing = 0;
		};
		852A1A342A1B023300DF876C /* Sources */ = {
			isa = PBXSourcesBuildPhase;
			buildActionMask = 2147483647;
			files = (
				852A1A3F2A1B023300DF876C /* PokemonUITestsLaunchTests.swift in Sources */,
				852A1A3D2A1B023300DF876C /* PokemonUITests.swift in Sources */,
			);
			runOnlyForDeploymentPostprocessing = 0;
		};
/* End PBXSourcesBuildPhase section */

/* Begin PBXTargetDependency section */
		852A1A302A1B023300DF876C /* PBXTargetDependency */ = {
			isa = PBXTargetDependency;
			target = 852A1A1D2A1B023000DF876C /* Pokemon */;
			targetProxy = 852A1A2F2A1B023300DF876C /* PBXContainerItemProxy */;
		};
		852A1A3A2A1B023300DF876C /* PBXTargetDependency */ = {
			isa = PBXTargetDependency;
			target = 852A1A1D2A1B023000DF876C /* Pokemon */;
			targetProxy = 852A1A392A1B023300DF876C /* PBXContainerItemProxy */;
		};
/* End PBXTargetDependency section */

/* Begin XCBuildConfiguration section */
		852A1A402A1B023300DF876C /* Debug */ = {
			isa = XCBuildConfiguration;
			buildSettings = {
				ALWAYS_SEARCH_USER_PATHS = NO;
				CLANG_ANALYZER_NONNULL = YES;
				CLANG_ANALYZER_NUMBER_OBJECT_CONVERSION = YES_AGGRESSIVE;
				CLANG_CXX_LANGUAGE_STANDARD = "gnu++20";
				CLANG_ENABLE_MODULES = YES;
				CLANG_ENABLE_OBJC_ARC = YES;
				CLANG_ENABLE_OBJC_WEAK = YES;
				CLANG_WARN_BLOCK_CAPTURE_AUTORELEASING = YES;
				CLANG_WARN_BOOL_CONVERSION = YES;
				CLANG_WARN_COMMA = YES;
				CLANG_WARN_CONSTANT_CONVERSION = YES;
				CLANG_WARN_DEPRECATED_OBJC_IMPLEMENTATIONS = YES;
				CLANG_WARN_DIRECT_OBJC_ISA_USAGE = YES_ERROR;
				CLANG_WARN_DOCUMENTATION_COMMENTS = YES;
				CLANG_WARN_EMPTY_BODY = YES;
				CLANG_WARN_ENUM_CONVERSION = YES;
				CLANG_WARN_INFINITE_RECURSION = YES;
				CLANG_WARN_INT_CONVERSION = YES;
				CLANG_WARN_NON_LITERAL_NULL_CONVERSION = YES;
				CLANG_WARN_OBJC_IMPLICIT_RETAIN_SELF = YES;
				CLANG_WARN_OBJC_LITERAL_CONVERSION = YES;
				CLANG_WARN_OBJC_ROOT_CLASS = YES_ERROR;
				CLANG_WARN_QUOTED_INCLUDE_IN_FRAMEWORK_HEADER = YES;
				CLANG_WARN_RANGE_LOOP_ANALYSIS = YES;
				CLANG_WARN_STRICT_PROTOTYPES = YES;
				CLANG_WARN_SUSPICIOUS_MOVE = YES;
				CLANG_WARN_UNGUARDED_AVAILABILITY = YES_AGGRESSIVE;
				CLANG_WARN_UNREACHABLE_CODE = YES;
				CLANG_WARN__DUPLICATE_METHOD_MATCH = YES;
				COPY_PHASE_STRIP = NO;
				DEBUG_INFORMATION_FORMAT = dwarf;
				ENABLE_STRICT_OBJC_MSGSEND = YES;
				ENABLE_TESTABILITY = YES;
				GCC_C_LANGUAGE_STANDARD = gnu11;
				GCC_DYNAMIC_NO_PIC = NO;
				GCC_NO_COMMON_BLOCKS = YES;
				GCC_OPTIMIZATION_LEVEL = 0;
				GCC_PREPROCESSOR_DEFINITIONS = (
					"DEBUG=1",
					"$(inherited)",
				);
				GCC_WARN_64_TO_32_BIT_CONVERSION = YES;
				GCC_WARN_ABOUT_RETURN_TYPE = YES_ERROR;
				GCC_WARN_UNDECLARED_SELECTOR = YES;
				GCC_WARN_UNINITIALIZED_AUTOS = YES_AGGRESSIVE;
				GCC_WARN_UNUSED_FUNCTION = YES;
				GCC_WARN_UNUSED_VARIABLE = YES;
				IPHONEOS_DEPLOYMENT_TARGET = 16.2;
				MTL_ENABLE_DEBUG_INFO = INCLUDE_SOURCE;
				MTL_FAST_MATH = YES;
				ONLY_ACTIVE_ARCH = YES;
				SDKROOT = iphoneos;
				SWIFT_ACTIVE_COMPILATION_CONDITIONS = DEBUG;
				SWIFT_OPTIMIZATION_LEVEL = "-Onone";
			};
			name = Debug;
		};
		852A1A412A1B023300DF876C /* Release */ = {
			isa = XCBuildConfiguration;
			buildSettings = {
				ALWAYS_SEARCH_USER_PATHS = NO;
				CLANG_ANALYZER_NONNULL = YES;
				CLANG_ANALYZER_NUMBER_OBJECT_CONVERSION = YES_AGGRESSIVE;
				CLANG_CXX_LANGUAGE_STANDARD = "gnu++20";
				CLANG_ENABLE_MODULES = YES;
				CLANG_ENABLE_OBJC_ARC = YES;
				CLANG_ENABLE_OBJC_WEAK = YES;
				CLANG_WARN_BLOCK_CAPTURE_AUTORELEASING = YES;
				CLANG_WARN_BOOL_CONVERSION = YES;
				CLANG_WARN_COMMA = YES;
				CLANG_WARN_CONSTANT_CONVERSION = YES;
				CLANG_WARN_DEPRECATED_OBJC_IMPLEMENTATIONS = YES;
				CLANG_WARN_DIRECT_OBJC_ISA_USAGE = YES_ERROR;
				CLANG_WARN_DOCUMENTATION_COMMENTS = YES;
				CLANG_WARN_EMPTY_BODY = YES;
				CLANG_WARN_ENUM_CONVERSION = YES;
				CLANG_WARN_INFINITE_RECURSION = YES;
				CLANG_WARN_INT_CONVERSION = YES;
				CLANG_WARN_NON_LITERAL_NULL_CONVERSION = YES;
				CLANG_WARN_OBJC_IMPLICIT_RETAIN_SELF = YES;
				CLANG_WARN_OBJC_LITERAL_CONVERSION = YES;
				CLANG_WARN_OBJC_ROOT_CLASS = YES_ERROR;
				CLANG_WARN_QUOTED_INCLUDE_IN_FRAMEWORK_HEADER = YES;
				CLANG_WARN_RANGE_LOOP_ANALYSIS = YES;
				CLANG_WARN_STRICT_PROTOTYPES = YES;
				CLANG_WARN_SUSPICIOUS_MOVE = YES;
				CLANG_WARN_UNGUARDED_AVAILABILITY = YES_AGGRESSIVE;
				CLANG_WARN_UNREACHABLE_CODE = YES;
				CLANG_WARN__DUPLICATE_METHOD_MATCH = YES;
				COPY_PHASE_STRIP = NO;
				DEBUG_INFORMATION_FORMAT = "dwarf-with-dsym";
				ENABLE_NS_ASSERTIONS = NO;
				ENABLE_STRICT_OBJC_MSGSEND = YES;
				GCC_C_LANGUAGE_STANDARD = gnu11;
				GCC_NO_COMMON_BLOCKS = YES;
				GCC_WARN_64_TO_32_BIT_CONVERSION = YES;
				GCC_WARN_ABOUT_RETURN_TYPE = YES_ERROR;
				GCC_WARN_UNDECLARED_SELECTOR = YES;
				GCC_WARN_UNINITIALIZED_AUTOS = YES_AGGRESSIVE;
				GCC_WARN_UNUSED_FUNCTION = YES;
				GCC_WARN_UNUSED_VARIABLE = YES;
				IPHONEOS_DEPLOYMENT_TARGET = 16.2;
				MTL_ENABLE_DEBUG_INFO = NO;
				MTL_FAST_MATH = YES;
				SDKROOT = iphoneos;
				SWIFT_COMPILATION_MODE = wholemodule;
				SWIFT_OPTIMIZATION_LEVEL = "-O";
				VALIDATE_PRODUCT = YES;
			};
			name = Release;
		};
		852A1A432A1B023300DF876C /* Debug */ = {
			isa = XCBuildConfiguration;
			buildSettings = {
				ASSETCATALOG_COMPILER_APPICON_NAME = AppIcon;
				ASSETCATALOG_COMPILER_GLOBAL_ACCENT_COLOR_NAME = AccentColor;
				CODE_SIGN_STYLE = Automatic;
				CURRENT_PROJECT_VERSION = 1;
				DEVELOPMENT_ASSET_PATHS = "\"Pokemon/Preview Content\"";
				DEVELOPMENT_TEAM = X5F332RMDV;
				ENABLE_PREVIEWS = YES;
				GENERATE_INFOPLIST_FILE = YES;
				INFOPLIST_KEY_UIApplicationSceneManifest_Generation = YES;
				INFOPLIST_KEY_UIApplicationSupportsIndirectInputEvents = YES;
				INFOPLIST_KEY_UILaunchScreen_Generation = YES;
				INFOPLIST_KEY_UISupportedInterfaceOrientations_iPad = "UIInterfaceOrientationPortrait UIInterfaceOrientationPortraitUpsideDown UIInterfaceOrientationLandscapeLeft UIInterfaceOrientationLandscapeRight";
				INFOPLIST_KEY_UISupportedInterfaceOrientations_iPhone = "UIInterfaceOrientationPortrait UIInterfaceOrientationLandscapeLeft UIInterfaceOrientationLandscapeRight";
				LD_RUNPATH_SEARCH_PATHS = (
					"$(inherited)",
					"@executable_path/Frameworks",
				);
				MARKETING_VERSION = 1.0;
				PRODUCT_BUNDLE_IDENTIFIER = Test.Landmarks;
				PRODUCT_NAME = "$(TARGET_NAME)";
				SWIFT_EMIT_LOC_STRINGS = YES;
				SWIFT_VERSION = 5.0;
				TARGETED_DEVICE_FAMILY = "1,2";
			};
			name = Debug;
		};
		852A1A442A1B023300DF876C /* Release */ = {
			isa = XCBuildConfiguration;
			buildSettings = {
				ASSETCATALOG_COMPILER_APPICON_NAME = AppIcon;
				ASSETCATALOG_COMPILER_GLOBAL_ACCENT_COLOR_NAME = AccentColor;
				CODE_SIGN_STYLE = Automatic;
				CURRENT_PROJECT_VERSION = 1;
				DEVELOPMENT_ASSET_PATHS = "\"Pokemon/Preview Content\"";
				DEVELOPMENT_TEAM = X5F332RMDV;
				ENABLE_PREVIEWS = YES;
				GENERATE_INFOPLIST_FILE = YES;
				INFOPLIST_KEY_UIApplicationSceneManifest_Generation = YES;
				INFOPLIST_KEY_UIApplicationSupportsIndirectInputEvents = YES;
				INFOPLIST_KEY_UILaunchScreen_Generation = YES;
				INFOPLIST_KEY_UISupportedInterfaceOrientations_iPad = "UIInterfaceOrientationPortrait UIInterfaceOrientationPortraitUpsideDown UIInterfaceOrientationLandscapeLeft UIInterfaceOrientationLandscapeRight";
				INFOPLIST_KEY_UISupportedInterfaceOrientations_iPhone = "UIInterfaceOrientationPortrait UIInterfaceOrientationLandscapeLeft UIInterfaceOrientationLandscapeRight";
				LD_RUNPATH_SEARCH_PATHS = (
					"$(inherited)",
					"@executable_path/Frameworks",
				);
				MARKETING_VERSION = 1.0;
				PRODUCT_BUNDLE_IDENTIFIER = Test.Landmarks;
				PRODUCT_NAME = "$(TARGET_NAME)";
				SWIFT_EMIT_LOC_STRINGS = YES;
				SWIFT_VERSION = 5.0;
				TARGETED_DEVICE_FAMILY = "1,2";
			};
			name = Release;
		};
		852A1A462A1B023300DF876C /* Debug */ = {
			isa = XCBuildConfiguration;
			buildSettings = {
				ALWAYS_EMBED_SWIFT_STANDARD_LIBRARIES = YES;
				BUNDLE_LOADER = "$(TEST_HOST)";
				CODE_SIGN_STYLE = Automatic;
				CURRENT_PROJECT_VERSION = 1;
				DEVELOPMENT_TEAM = X5F332RMDV;
				GENERATE_INFOPLIST_FILE = YES;
				IPHONEOS_DEPLOYMENT_TARGET = 16.2;
				MARKETING_VERSION = 1.0;
				PRODUCT_BUNDLE_IDENTIFIER = Test.LandmarksTests;
				PRODUCT_NAME = "$(TARGET_NAME)";
				SWIFT_EMIT_LOC_STRINGS = NO;
				SWIFT_VERSION = 5.0;
				TARGETED_DEVICE_FAMILY = "1,2";
				TEST_HOST = "$(BUILT_PRODUCTS_DIR)/Pokemon.app/$(BUNDLE_EXECUTABLE_FOLDER_PATH)/Pokemon";
			};
			name = Debug;
		};
		852A1A472A1B023300DF876C /* Release */ = {
			isa = XCBuildConfiguration;
			buildSettings = {
				ALWAYS_EMBED_SWIFT_STANDARD_LIBRARIES = YES;
				BUNDLE_LOADER = "$(TEST_HOST)";
				CODE_SIGN_STYLE = Automatic;
				CURRENT_PROJECT_VERSION = 1;
				DEVELOPMENT_TEAM = X5F332RMDV;
				GENERATE_INFOPLIST_FILE = YES;
				IPHONEOS_DEPLOYMENT_TARGET = 16.2;
				MARKETING_VERSION = 1.0;
				PRODUCT_BUNDLE_IDENTIFIER = Test.LandmarksTests;
				PRODUCT_NAME = "$(TARGET_NAME)";
				SWIFT_EMIT_LOC_STRINGS = NO;
				SWIFT_VERSION = 5.0;
				TARGETED_DEVICE_FAMILY = "1,2";
				TEST_HOST = "$(BUILT_PRODUCTS_DIR)/Pokemon.app/$(BUNDLE_EXECUTABLE_FOLDER_PATH)/Pokemon";
			};
			name = Release;
		};
		852A1A492A1B023300DF876C /* Debug */ = {
			isa = XCBuildConfiguration;
			buildSettings = {
				ALWAYS_EMBED_SWIFT_STANDARD_LIBRARIES = YES;
				CODE_SIGN_STYLE = Automatic;
				CURRENT_PROJECT_VERSION = 1;
				DEVELOPMENT_TEAM = X5F332RMDV;
				GENERATE_INFOPLIST_FILE = YES;
				MARKETING_VERSION = 1.0;
				PRODUCT_BUNDLE_IDENTIFIER = Test.LandmarksUITests;
				PRODUCT_NAME = "$(TARGET_NAME)";
				SWIFT_EMIT_LOC_STRINGS = NO;
				SWIFT_VERSION = 5.0;
				TARGETED_DEVICE_FAMILY = "1,2";
				TEST_TARGET_NAME = Landmarks;
			};
			name = Debug;
		};
		852A1A4A2A1B023300DF876C /* Release */ = {
			isa = XCBuildConfiguration;
			buildSettings = {
				ALWAYS_EMBED_SWIFT_STANDARD_LIBRARIES = YES;
				CODE_SIGN_STYLE = Automatic;
				CURRENT_PROJECT_VERSION = 1;
				DEVELOPMENT_TEAM = X5F332RMDV;
				GENERATE_INFOPLIST_FILE = YES;
				MARKETING_VERSION = 1.0;
				PRODUCT_BUNDLE_IDENTIFIER = Test.LandmarksUITests;
				PRODUCT_NAME = "$(TARGET_NAME)";
				SWIFT_EMIT_LOC_STRINGS = NO;
				SWIFT_VERSION = 5.0;
				TARGETED_DEVICE_FAMILY = "1,2";
				TEST_TARGET_NAME = Landmarks;
			};
			name = Release;
		};
/* End XCBuildConfiguration section */

/* Begin XCConfigurationList section */
		852A1A192A1B023000DF876C /* Build configuration list for PBXProject "Pokemon" */ = {
			isa = XCConfigurationList;
			buildConfigurations = (
				852A1A402A1B023300DF876C /* Debug */,
				852A1A412A1B023300DF876C /* Release */,
			);
			defaultConfigurationIsVisible = 0;
			defaultConfigurationName = Release;
		};
		852A1A422A1B023300DF876C /* Build configuration list for PBXNativeTarget "Pokemon" */ = {
			isa = XCConfigurationList;
			buildConfigurations = (
				852A1A432A1B023300DF876C /* Debug */,
				852A1A442A1B023300DF876C /* Release */,
			);
			defaultConfigurationIsVisible = 0;
			defaultConfigurationName = Release;
		};
		852A1A452A1B023300DF876C /* Build configuration list for PBXNativeTarget "PokemonTests" */ = {
			isa = XCConfigurationList;
			buildConfigurations = (
				852A1A462A1B023300DF876C /* Debug */,
				852A1A472A1B023300DF876C /* Release */,
			);
			defaultConfigurationIsVisible = 0;
			defaultConfigurationName = Release;
		};
		852A1A482A1B023300DF876C /* Build configuration list for PBXNativeTarget "PokemonUITests" */ = {
			isa = XCConfigurationList;
			buildConfigurations = (
				852A1A492A1B023300DF876C /* Debug */,
				852A1A4A2A1B023300DF876C /* Release */,
			);
			defaultConfigurationIsVisible = 0;
			defaultConfigurationName = Release;
		};
/* End XCConfigurationList section */
	};
	rootObject = 852A1A162A1B023000DF876C /* Project object */;
}
